// !$*UTF8*$!
{
	archiveVersion = 1;
	classes = {
	};
	objectVersion = 46;
	objects = {

/* Begin PBXBuildFile section */
		8383F9AD1A495DD600A391EF /* AppDelegate.swift in Sources */ = {isa = PBXBuildFile; fileRef = 8383F9AC1A495DD600A391EF /* AppDelegate.swift */; };
		8383F9AF1A495DD600A391EF /* ViewController.swift in Sources */ = {isa = PBXBuildFile; fileRef = 8383F9AE1A495DD600A391EF /* ViewController.swift */; };
		8383F9B21A495DD600A391EF /* Main.storyboard in Resources */ = {isa = PBXBuildFile; fileRef = 8383F9B01A495DD600A391EF /* Main.storyboard */; };
		8383F9B41A495DD600A391EF /* Images.xcassets in Resources */ = {isa = PBXBuildFile; fileRef = 8383F9B31A495DD600A391EF /* Images.xcassets */; };
		8383F9B71A495DD600A391EF /* LaunchScreen.xib in Resources */ = {isa = PBXBuildFile; fileRef = 8383F9B51A495DD600A391EF /* LaunchScreen.xib */; };
		8383F9C31A495DD600A391EF /* Pitch_PerfectTests.swift in Sources */ = {isa = PBXBuildFile; fileRef = 8383F9C21A495DD600A391EF /* Pitch_PerfectTests.swift */; };
/* End PBXBuildFile section */

/* Begin PBXContainerItemProxy section */
		8383F9BD1A495DD600A391EF /* PBXContainerItemProxy */ = {
			isa = PBXContainerItemProxy;
			containerPortal = 8383F99F1A495DD600A391EF /* Project object */;
			proxyType = 1;
			remoteGlobalIDString = 8383F9A61A495DD600A391EF;
			remoteInfo = "Pitch Perfect";
		};
/* End PBXContainerItemProxy section */

/* Begin PBXFileReference section */
		8383F9A71A495DD600A391EF /* Pitch Perfect.app */ = {isa = PBXFileReference; explicitFileType = wrapper.application; includeInIndex = 0; path = "Pitch Perfect.app"; sourceTree = BUILT_PRODUCTS_DIR; };
		8383F9AB1A495DD600A391EF /* Info.plist */ = {isa = PBXFileReference; lastKnownFileType = text.plist.xml; path = Info.plist; sourceTree = "<group>"; };
		8383F9AC1A495DD600A391EF /* AppDelegate.swift */ = {isa = PBXFileReference; lastKnownFileType = sourcecode.swift; path = AppDelegate.swift; sourceTree = "<group>"; };
		8383F9AE1A495DD600A391EF /* ViewController.swift */ = {isa = PBXFileReference; lastKnownFileType = sourcecode.swift; path = ViewController.swift; sourceTree = "<group>"; };
		8383F9B11A495DD600A391EF /* Base */ = {isa = PBXFileReference; lastKnownFileType = file.storyboard; name = Base; path = Base.lproj/Main.storyboard; sourceTree = "<group>"; };
		8383F9B31A495DD600A391EF /* Images.xcassets */ = {isa = PBXFileReference; lastKnownFileType = folder.assetcatalog; path = Images.xcassets; sourceTree = "<group>"; };
		8383F9B61A495DD600A391EF /* Base */ = {isa = PBXFileReference; lastKnownFileType = file.xib; name = Base; path = Base.lproj/LaunchScreen.xib; sourceTree = "<group>"; };
		8383F9BC1A495DD600A391EF /* Pitch PerfectTests.xctest */ = {isa = PBXFileReference; explicitFileType = wrapper.cfbundle; includeInIndex = 0; path = "Pitch PerfectTests.xctest"; sourceTree = BUILT_PRODUCTS_DIR; };
		8383F9C11A495DD600A391EF /* Info.plist */ = {isa = PBXFileReference; lastKnownFileType = text.plist.xml; path = Info.plist; sourceTree = "<group>"; };
		8383F9C21A495DD600A391EF /* Pitch_PerfectTests.swift */ = {isa = PBXFileReference; lastKnownFileType = sourcecode.swift; path = Pitch_PerfectTests.swift; sourceTree = "<group>"; };
/* End PBXFileReference section */

/* Begin PBXFrameworksBuildPhase section */
		8383F9A41A495DD600A391EF /* Frameworks */ = {
			isa = PBXFrameworksBuildPhase;
			buildActionMask = 2147483647;
			files = (
			);
			runOnlyForDeploymentPostprocessing = 0;
		};
		8383F9B91A495DD600A391EF /* Frameworks */ = {
			isa = PBXFrameworksBuildPhase;
			buildActionMask = 2147483647;
			files = (
			);
			runOnlyForDeploymentPostprocessing = 0;
		};
/* End PBXFrameworksBuildPhase section */

/* Begin PBXGroup section */
		8383F99E1A495DD600A391EF = {
			isa = PBXGroup;
			children = (
				8383F9A91A495DD600A391EF /* Pitch Perfect */,
				8383F9BF1A495DD600A391EF /* Pitch PerfectTests */,
				8383F9A81A495DD600A391EF /* Products */,
			);
			sourceTree = "<group>";
		};
		8383F9A81A495DD600A391EF /* Products */ = {
			isa = PBXGroup;
			children = (
				8383F9A71A495DD600A391EF /* Pitch Perfect.app */,
				8383F9BC1A495DD600A391EF /* Pitch PerfectTests.xctest */,
			);
			name = Products;
			sourceTree = "<group>";
		};
		8383F9A91A495DD600A391EF /* Pitch Perfect */ = {
			isa = PBXGroup;
			children = (
				8383F9AC1A495DD600A391EF /* AppDelegate.swift */,
				8383F9AE1A495DD600A391EF /* ViewController.swift */,
				8383F9B01A495DD600A391EF /* Main.storyboard */,
				8383F9B31A495DD600A391EF /* Images.xcassets */,
				8383F9B51A495DD600A391EF /* LaunchScreen.xib */,
				8383F9AA1A495DD600A391EF /* Supporting Files */,
			);
			path = "Pitch Perfect";
			sourceTree = "<group>";
		};
		8383F9AA1A495DD600A391EF /* Supporting Files */ = {
			isa = PBXGroup;
			children = (
				8383F9AB1A495DD600A391EF /* Info.plist */,
			);
			name = "Supporting Files";
			sourceTree = "<group>";
		};
		8383F9BF1A495DD600A391EF /* Pitch PerfectTests */ = {
			isa = PBXGroup;
			children = (
				8383F9C21A495DD600A391EF /* Pitch_PerfectTests.swift */,
				8383F9C01A495DD600A391EF /* Supporting Files */,
			);
			path = "Pitch PerfectTests";
			sourceTree = "<group>";
		};
		8383F9C01A495DD600A391EF /* Supporting Files */ = {
			isa = PBXGroup;
			children = (
				8383F9C11A495DD600A391EF /* Info.plist */,
			);
			name = "Supporting Files";
			sourceTree = "<group>";
		};
/* End PBXGroup section */

/* Begin PBXNativeTarget section */
		8383F9A61A495DD600A391EF /* Pitch Perfect */ = {
			isa = PBXNativeTarget;
			buildConfigurationList = 8383F9C61A495DD600A391EF /* Build configuration list for PBXNativeTarget "Pitch Perfect" */;
			buildPhases = (
				8383F9A31A495DD600A391EF /* Sources */,
				8383F9A41A495DD600A391EF /* Frameworks */,
				8383F9A51A495DD600A391EF /* Resources */,
			);
			buildRules = (
			);
			dependencies = (
			);
			name = "Pitch Perfect";
			productName = "Pitch Perfect";
			productReference = 8383F9A71A495DD600A391EF /* Pitch Perfect.app */;
			productType = "com.apple.product-type.application";
		};
		8383F9BB1A495DD600A391EF /* Pitch PerfectTests */ = {
			isa = PBXNativeTarget;
			buildConfigurationList = 8383F9C91A495DD600A391EF /* Build configuration list for PBXNativeTarget "Pitch PerfectTests" */;
			buildPhases = (
				8383F9B81A495DD600A391EF /* Sources */,
				8383F9B91A495DD600A391EF /* Frameworks */,
				8383F9BA1A495DD600A391EF /* Resources */,
			);
			buildRules = (
			);
			dependencies = (
				8383F9BE1A495DD600A391EF /* PBXTargetDependency */,
			);
			name = "Pitch PerfectTests";
			productName = "Pitch PerfectTests";
			productReference = 8383F9BC1A495DD600A391EF /* Pitch PerfectTests.xctest */;
			productType = "com.apple.product-type.bundle.unit-test";
		};
/* End PBXNativeTarget section */

/* Begin PBXProject section */
		8383F99F1A495DD600A391EF /* Project object */ = {
			isa = PBXProject;
			attributes = {
				LastUpgradeCheck = 0610;
				ORGANIZATIONNAME = "be-amazed";
				TargetAttributes = {
					8383F9A61A495DD600A391EF = {
						CreatedOnToolsVersion = 6.1.1;
					};
					8383F9BB1A495DD600A391EF = {
						CreatedOnToolsVersion = 6.1.1;
						TestTargetID = 8383F9A61A495DD600A391EF;
					};
				};
			};
			buildConfigurationList = 8383F9A21A495DD600A391EF /* Build configuration list for PBXProject "Pitch Perfect" */;
			compatibilityVersion = "Xcode 3.2";
			developmentRegion = English;
			hasScannedForEncodings = 0;
			knownRegions = (
				en,
				Base,
			);
			mainGroup = 8383F99E1A495DD600A391EF;
			productRefGroup = 8383F9A81A495DD600A391EF /* Products */;
			projectDirPath = "";
			projectRoot = "";
			targets = (
				8383F9A61A495DD600A391EF /* Pitch Perfect */,
				8383F9BB1A495DD600A391EF /* Pitch PerfectTests */,
			);
		};
/* End PBXProject section */

/* Begin PBXResourcesBuildPhase section */
		8383F9A51A495DD600A391EF /* Resources */ = {
			isa = PBXResourcesBuildPhase;
			buildActionMask = 2147483647;
			files = (
				8383F9B21A495DD600A391EF /* Main.storyboard in Resources */,
				8383F9B71A495DD600A391EF /* LaunchScreen.xib in Resources */,
				8383F9B41A495DD600A391EF /* Images.xcassets in Resources */,
			);
			runOnlyForDeploymentPostprocessing = 0;
		};
		8383F9BA1A495DD600A391EF /* Resources */ = {
			isa = PBXResourcesBuildPhase;
			buildActionMask = 2147483647;
			files = (
			);
			runOnlyForDeploymentPostprocessing = 0;
		};
/* End PBXResourcesBuildPhase section */

/* Begin PBXSourcesBuildPhase section */
		8383F9A31A495DD600A391EF /* Sources */ = {
			isa = PBXSourcesBuildPhase;
			buildActionMask = 2147483647;
			files = (
				8383F9AF1A495DD600A391EF /* ViewController.swift in Sources */,
				8383F9AD1A495DD600A391EF /* AppDelegate.swift in Sources */,
			);
			runOnlyForDeploymentPostprocessing = 0;
		};
		8383F9B81A495DD600A391EF /* Sources */ = {
			isa = PBXSourcesBuildPhase;
			buildActionMask = 2147483647;
			files = (
				8383F9C31A495DD600A391EF /* Pitch_PerfectTests.swift in Sources */,
			);
			runOnlyForDeploymentPostprocessing = 0;
		};
/* End PBXSourcesBuildPhase section */

/* Begin PBXTargetDependency section */
		8383F9BE1A495DD600A391EF /* PBXTargetDependency */ = {
			isa = PBXTargetDependency;
			target = 8383F9A61A495DD600A391EF /* Pitch Perfect */;
			targetProxy = 8383F9BD1A495DD600A391EF /* PBXContainerItemProxy */;
		};
/* End PBXTargetDependency section */

/* Begin PBXVariantGroup section */
		8383F9B01A495DD600A391EF /* Main.storyboard */ = {
			isa = PBXVariantGroup;
			children = (
				8383F9B11A495DD600A391EF /* Base */,
			);
			name = Main.storyboard;
			sourceTree = "<group>";
		};
		8383F9B51A495DD600A391EF /* LaunchScreen.xib */ = {
			isa = PBXVariantGroup;
			children = (
				8383F9B61A495DD600A391EF /* Base */,
			);
			name = LaunchScreen.xib;
			sourceTree = "<group>";
		};
/* End PBXVariantGroup section */

/* Begin XCBuildConfiguration section */
		8383F9C41A495DD600A391EF /* Debug */ = {
			isa = XCBuildConfiguration;
			buildSettings = {
				ALWAYS_SEARCH_USER_PATHS = NO;
				CLANG_CXX_LANGUAGE_STANDARD = "gnu++0x";
				CLANG_CXX_LIBRARY = "libc++";
				CLANG_ENABLE_MODULES = YES;
				CLANG_ENABLE_OBJC_ARC = YES;
				CLANG_WARN_BOOL_CONVERSION = YES;
				CLANG_WARN_CONSTANT_CONVERSION = YES;
				CLANG_WARN_DIRECT_OBJC_ISA_USAGE = YES_ERROR;
				CLANG_WARN_EMPTY_BODY = YES;
				CLANG_WARN_ENUM_CONVERSION = YES;
				CLANG_WARN_INT_CONVERSION = YES;
				CLANG_WARN_OBJC_ROOT_CLASS = YES_ERROR;
				CLANG_WARN_UNREACHABLE_CODE = YES;
				CLANG_WARN__DUPLICATE_METHOD_MATCH = YES;
				"CODE_SIGN_IDENTITY[sdk=iphoneos*]" = "iPhone Developer";
				COPY_PHASE_STRIP = NO;
				ENABLE_STRICT_OBJC_MSGSEND = YES;
				GCC_C_LANGUAGE_STANDARD = gnu99;
				GCC_DYNAMIC_NO_PIC = NO;
				GCC_OPTIMIZATION_LEVEL = 0;
				GCC_PREPROCESSOR_DEFINITIONS = (
					"DEBUG=1",
					"$(inherited)",
				);
				GCC_SYMBOLS_PRIVATE_EXTERN = NO;
				GCC_WARN_64_TO_32_BIT_CONVERSION = YES;
				GCC_WARN_ABOUT_RETURN_TYPE = YES_ERROR;
				GCC_WARN_UNDECLARED_SELECTOR = YES;
				GCC_WARN_UNINITIALIZED_AUTOS = YES_AGGRESSIVE;
				GCC_WARN_UNUSED_FUNCTION = YES;
				GCC_WARN_UNUSED_VARIABLE = YES;
				IPHONEOS_DEPLOYMENT_TARGET = 8.1;
				MTL_ENABLE_DEBUG_INFO = YES;
				ONLY_ACTIVE_ARCH = YES;
				SDKROOT = iphoneos;
				SWIFT_OPTIMIZATION_LEVEL = "-Onone";
			};
			name = Debug;
		};
		8383F9C51A495DD600A391EF /* Release */ = {
			isa = XCBuildConfiguration;
			buildSettings = {
				ALWAYS_SEARCH_USER_PATHS = NO;
				CLANG_CXX_LANGUAGE_STANDARD = "gnu++0x";
				CLANG_CXX_LIBRARY = "libc++";
				CLANG_ENABLE_MODULES = YES;
				CLANG_ENABLE_OBJC_ARC = YES;
				CLANG_WARN_BOOL_CONVERSION = YES;
				CLANG_WARN_CONSTANT_CONVERSION = YES;
				CLANG_WARN_DIRECT_OBJC_ISA_USAGE = YES_ERROR;
				CLANG_WARN_EMPTY_BODY = YES;
				CLANG_WARN_ENUM_CONVERSION = YES;
				CLANG_WARN_INT_CONVERSION = YES;
				CLANG_WARN_OBJC_ROOT_CLASS = YES_ERROR;
				CLANG_WARN_UNREACHABLE_CODE = YES;
				CLANG_WARN__DUPLICATE_METHOD_MATCH = YES;
				"CODE_SIGN_IDENTITY[sdk=iphoneos*]" = "iPhone Developer";
				COPY_PHASE_STRIP = YES;
				ENABLE_NS_ASSERTIONS = NO;
				ENABLE_STRICT_OBJC_MSGSEND = YES;
				GCC_C_LANGUAGE_STANDARD = gnu99;
				GCC_WARN_64_TO_32_BIT_CONVERSION = YES;
				GCC_WARN_ABOUT_RETURN_TYPE = YES_ERROR;
				GCC_WARN_UNDECLARED_SELECTOR = YES;
				GCC_WARN_UNINITIALIZED_AUTOS = YES_AGGRESSIVE;
				GCC_WARN_UNUSED_FUNCTION = YES;
				GCC_WARN_UNUSED_VARIABLE = YES;
				IPHONEOS_DEPLOYMENT_TARGET = 8.1;
				MTL_ENABLE_DEBUG_INFO = NO;
				SDKROOT = iphoneos;
				VALIDATE_PRODUCT = YES;
			};
			name = Release;
		};
		8383F9C71A495DD600A391EF /* Debug */ = {
			isa = XCBuildConfiguration;
			buildSettings = {
				ASSETCATALOG_COMPILER_APPICON_NAME = AppIcon;
				INFOPLIST_FILE = "Pitch Perfect/Info.plist";
				LD_RUNPATH_SEARCH_PATHS = "$(inherited) @executable_path/Frameworks";
				PRODUCT_NAME = "$(TARGET_NAME)";
			};
			name = Debug;
		};
		8383F9C81A495DD600A391EF /* Release */ = {
			isa = XCBuildConfiguration;
			buildSettings = {
				ASSETCATALOG_COMPILER_APPICON_NAME = AppIcon;
				INFOPLIST_FILE = "Pitch Perfect/Info.plist";
				LD_RUNPATH_SEARCH_PATHS = "$(inherited) @executable_path/Frameworks";
				PRODUCT_NAME = "$(TARGET_NAME)";
			};
			name = Release;
		};
		8383F9CA1A495DD600A391EF /* Debug */ = {
			isa = XCBuildConfiguration;
			buildSettings = {
				BUNDLE_LOADER = "$(TEST_HOST)";
				FRAMEWORK_SEARCH_PATHS = (
					"$(SDKROOT)/Developer/Library/Frameworks",
					"$(inherited)",
				);
				GCC_PREPROCESSOR_DEFINITIONS = (
					"DEBUG=1",
					"$(inherited)",
				);
				INFOPLIST_FILE = "Pitch PerfectTests/Info.plist";
				LD_RUNPATH_SEARCH_PATHS = "$(inherited) @executable_path/Frameworks @loader_path/Frameworks";
				PRODUCT_NAME = "$(TARGET_NAME)";
				TEST_HOST = "$(BUILT_PRODUCTS_DIR)/Pitch Perfect.app/Pitch Perfect";
			};
			name = Debug;
		};
		8383F9CB1A495DD600A391EF /* Release */ = {
			isa = XCBuildConfiguration;
			buildSettings = {
				BUNDLE_LOADER = "$(TEST_HOST)";
				FRAMEWORK_SEARCH_PATHS = (
					"$(SDKROOT)/Developer/Library/Frameworks",
					"$(inherited)",
				);
				INFOPLIST_FILE = "Pitch PerfectTests/Info.plist";
				LD_RUNPATH_SEARCH_PATHS = "$(inherited) @executable_path/Frameworks @loader_path/Frameworks";
				PRODUCT_NAME = "$(TARGET_NAME)";
				TEST_HOST = "$(BUILT_PRODUCTS_DIR)/Pitch Perfect.app/Pitch Perfect";
			};
			name = Release;
		};
/* End XCBuildConfiguration section */

/* Begin XCConfigurationList section */
		8383F9A21A495DD600A391EF /* Build configuration list for PBXProject "Pitch Perfect" */ = {
			isa = XCConfigurationList;
			buildConfigurations = (
				8383F9C41A495DD600A391EF /* Debug */,
				8383F9C51A495DD600A391EF /* Release */,
			);
			defaultConfigurationIsVisible = 0;
			defaultConfigurationName = Release;
		};
		8383F9C61A495DD600A391EF /* Build configuration list for PBXNativeTarget "Pitch Perfect" */ = {
			isa = XCConfigurationList;
			buildConfigurations = (
				8383F9C71A495DD600A391EF /* Debug */,
				8383F9C81A495DD600A391EF /* Release */,
			);
			defaultConfigurationIsVisible = 0;
		};
		8383F9C91A495DD600A391EF /* Build configuration list for PBXNativeTarget "Pitch PerfectTests" */ = {
			isa = XCConfigurationList;
			buildConfigurations = (
				8383F9CA1A495DD600A391EF /* Debug */,
				8383F9CB1A495DD600A391EF /* Release */,
			);
			defaultConfigurationIsVisible = 0;
		};
/* End XCConfigurationList section */
	};
	rootObject = 8383F99F1A495DD600A391EF /* Project object */;
}
